{
  "name": "@bit/tattle-tech.core-ui.app-shell",
  "version": "0.0.17",
  "lockfileVersion": 1,
  "requires": true,
  "dependencies": {
    "@babel/runtime": {
      "version": "7.11.2",
      "resolved": "https://registry.npmjs.org/@babel/runtime/-/runtime-7.11.2.tgz",
      "integrity": "sha512-TeWkU52so0mPtDcaCTxNBI/IHiz0pZgr8VEFqXFtZWpYD08ZB6FaSwVAS8MKRQAP3bYKiVjwysOJgMFY28o6Tw==",
      "requires": {
        "regenerator-runtime": "^0.13.4"
      }
    },
    "@bit/tattle-tech.core-ui.app-logo": {
      "version": "0.0.2",
      "resolved": "https://node.bit.dev/tattle-tech.core-ui.app-logo/-/tattle-tech.core-ui.app-logo-0.0.2.tgz",
      "integrity": "sha1-NNi7tIkW927Lzc8B3Wb7lJH4um4="
    },
    "@bit/tattle-tech.core-ui.footer": {
      "version": "0.0.4",
      "resolved": "https://node.bit.dev/tattle-tech.core-ui.footer/-/tattle-tech.core-ui.footer-0.0.4.tgz",
      "integrity": "sha1-AbP/GxFV8vuqNHMcI4VPFhtTxuY=",
      "requires": {
        "@bit/tattle-tech.core-ui.links": "0.0.3",
        "react-feather": "^2.0.4"
      }
    },
    "@bit/tattle-tech.core-ui.header": {
      "version": "0.0.3",
      "resolved": "https://node.bit.dev/tattle-tech.core-ui.header/-/tattle-tech.core-ui.header-0.0.3.tgz",
      "integrity": "sha1-zXPwL/gX4FFbDUQVP03OZ2fFmsw=",
      "requires": {
        "@bit/tattle-tech.core-ui.app-logo": "0.0.2",
        "@bit/tattle-tech.core-ui.links": "0.0.3"
      }
    },
    "@bit/tattle-tech.core-ui.links": {
      "version": "0.0.3",
      "resolved": "https://node.bit.dev/tattle-tech.core-ui.links/-/tattle-tech.core-ui.links-0.0.3.tgz",
      "integrity": "sha1-Cog3PQYgOkPCTTWFparVGJmWNE4=",
      "requires": {
        "gatsby-link": "^2.4.11"
      }
    },
    "@bit/tattle-tech.core-ui.seo": {
      "version": "0.0.1",
      "resolved": "https://node.bit.dev/tattle-tech.core-ui.seo/-/tattle-tech.core-ui.seo-0.0.1.tgz",
      "integrity": "sha1-98VF2PXxJXor7KnKMae6JmWZxhA=",
      "requires": {
        "react-helmet": "^5.2.1"
      }
    },
    "@bit/tattle-tech.core-ui.theme": {
      "version": "0.0.2",
      "resolved": "https://node.bit.dev/tattle-tech.core-ui.theme/-/tattle-tech.core-ui.theme-0.0.2.tgz",
      "integrity": "sha1-iMn0x1zr4WKyaNCCgB+GUHIDlyM="
    },
    "@types/history": {
      "version": "4.7.7",
      "resolved": "https://registry.npmjs.org/@types/history/-/history-4.7.7.tgz",
      "integrity": "sha512-2xtoL22/3Mv6a70i4+4RB7VgbDDORoWwjcqeNysojZA0R7NK17RbY5Gof/2QiFfJgX+KkWghbwJ+d/2SB8Ndzg=="
    },
    "@types/prop-types": {
      "version": "15.7.3",
      "resolved": "https://registry.npmjs.org/@types/prop-types/-/prop-types-15.7.3.tgz",
      "integrity": "sha512-KfRL3PuHmqQLOG+2tGpRO26Ctg+Cq1E01D2DMriKEATHgWLfeNDmq9e29Q9WIky0dQ3NPkd1mzYH8Lm936Z9qw=="
    },
    "@types/reach__router": {
      "version": "1.3.5",
      "resolved": "https://registry.npmjs.org/@types/reach__router/-/reach__router-1.3.5.tgz",
      "integrity": "sha512-h0NbqXN/tJuBY/xggZSej1SKQEstbHO7J/omt1tYoFGmj3YXOodZKbbqD4mNDh7zvEGYd7YFrac1LTtAr3xsYQ==",
      "requires": {
        "@types/history": "*",
        "@types/react": "*"
      }
    },
    "@types/react": {
      "version": "16.9.46",
      "resolved": "https://registry.npmjs.org/@types/react/-/react-16.9.46.tgz",
      "integrity": "sha512-dbHzO3aAq1lB3jRQuNpuZ/mnu+CdD3H0WVaaBQA8LTT3S33xhVBUj232T8M3tAhSWJs/D/UqORYUlJNl/8VQZg==",
      "requires": {
        "@types/prop-types": "*",
        "csstype": "^3.0.2"
      }
    },
    "csstype": {
      "version": "3.0.2",
      "resolved": "https://registry.npmjs.org/csstype/-/csstype-3.0.2.tgz",
      "integrity": "sha512-ofovWglpqoqbfLNOTBNZLSbMuGrblAf1efvvArGKOZMBrIoJeu5UsAipQolkijtyQx5MtAzT/J9IHj/CEY1mJw=="
    },
    "gatsby-link": {
      "version": "2.4.13",
      "resolved": "https://registry.npmjs.org/gatsby-link/-/gatsby-link-2.4.13.tgz",
      "integrity": "sha512-0qTM9JJvYZCsqAF/FLkChHwECbjl2DxUl8M0cYNgCDcaw5BI6PhF4FhuGUcr17dZ6KlpEMrpApaF5MMQqV0WSQ==",
      "requires": {
        "@babel/runtime": "^7.10.3",
        "@types/reach__router": "^1.3.3",
        "prop-types": "^15.7.2"
      }
    },
    "js-tokens": {
      "version": "4.0.0",
      "resolved": "https://registry.npmjs.org/js-tokens/-/js-tokens-4.0.0.tgz",
      "integrity": "sha512-RdJUflcE3cUzKiMqQgsCu06FPu9UdIJO0beYbPhHN4k6apgJtifcoCtT9bcxOpYBtpD2kCM6Sbzg4CausW/PKQ=="
    },
    "loose-envify": {
      "version": "1.4.0",
      "resolved": "https://registry.npmjs.org/loose-envify/-/loose-envify-1.4.0.tgz",
      "integrity": "sha512-lyuxPGr/Wfhrlem2CL/UcnUc1zcqKAImBDzukY7Y5F/yQiNdko6+fRLevlw1HgMySw7f611UIY408EtxRSoK3Q==",
      "requires": {
        "js-tokens": "^3.0.0 || ^4.0.0"
      }
    },
    "object-assign": {
      "version": "4.1.1",
      "resolved": "https://registry.npmjs.org/object-assign/-/object-assign-4.1.1.tgz",
      "integrity": "sha1-IQmtx5ZYh8/AXLvUQsrIv7s2CGM="
    },
    "prop-types": {
      "version": "15.7.2",
      "resolved": "https://registry.npmjs.org/prop-types/-/prop-types-15.7.2.tgz",
      "integrity": "sha512-8QQikdH7//R2vurIJSutZ1smHYTcLpRWEOlHnzcWHmBYrOGUysKwSsrC89BCiFj3CbrfJ/nXFdJepOVrY1GCHQ==",
      "requires": {
        "loose-envify": "^1.4.0",
        "object-assign": "^4.1.1",
        "react-is": "^16.8.1"
      }
    },
    "react-fast-compare": {
      "version": "2.0.4",
      "resolved": "https://registry.npmjs.org/react-fast-compare/-/react-fast-compare-2.0.4.tgz",
      "integrity": "sha512-suNP+J1VU1MWFKcyt7RtjiSWUjvidmQSlqu+eHslq+342xCbGTYmC0mEhPCOHxlW0CywylOC1u2DFAT+bv4dBw=="
    },
    "react-feather": {
      "version": "2.0.8",
      "resolved": "https://registry.npmjs.org/react-feather/-/react-feather-2.0.8.tgz",
      "integrity": "sha512-J0dCEOvOxpovHeOVj3+8mAhN3/UERTfX6rSxnV6x4E+0s+STY536jhSjRfpSvTQA0SSFjYr4KrpPfdsLmK+zZg==",
      "requires": {
        "prop-types": "^15.7.2"
      }
    },
    "react-helmet": {
      "version": "5.2.1",
      "resolved": "https://registry.npmjs.org/react-helmet/-/react-helmet-5.2.1.tgz",
      "integrity": "sha512-CnwD822LU8NDBnjCpZ4ySh8L6HYyngViTZLfBBb3NjtrpN8m49clH8hidHouq20I51Y6TpCTISCBbqiY5GamwA==",
      "requires": {
        "object-assign": "^4.1.1",
        "prop-types": "^15.5.4",
        "react-fast-compare": "^2.0.2",
        "react-side-effect": "^1.1.0"
      }
    },
    "react-is": {
      "version": "16.13.1",
      "resolved": "https://registry.npmjs.org/react-is/-/react-is-16.13.1.tgz",
      "integrity": "sha512-24e6ynE2H+OKt4kqsOvNd8kBpV65zoxbA4BVsEOB3ARVWQki/DHzaUoC5KuON/BiccDaCCTZBuOcfZs70kR8bQ=="
    },
    "react-side-effect": {
      "version": "1.2.0",
      "resolved": "https://registry.npmjs.org/react-side-effect/-/react-side-effect-1.2.0.tgz",
      "integrity": "sha512-v1ht1aHg5k/thv56DRcjw+WtojuuDHFUgGfc+bFHOWsF4ZK6C2V57DO0Or0GPsg6+LSTE0M6Ry/gfzhzSwbc5w==",
      "requires": {
        "shallowequal": "^1.0.1"
      }
    },
    "regenerator-runtime": {
      "version": "0.13.7",
      "resolved": "https://registry.npmjs.org/regenerator-runtime/-/regenerator-runtime-0.13.7.tgz",
      "integrity": "sha512-a54FxoJDIr27pgf7IgeQGxmqUNYrcV338lf/6gH456HZ/PhX+5BcwHXG9ajESmwe6WRO0tAzRUrRmNONWgkrew=="
    },
    "shallowequal": {
      "version": "1.1.0",
      "resolved": "https://registry.npmjs.org/shallowequal/-/shallowequal-1.1.0.tgz",
      "integrity": "sha512-y0m1JoUZSlPAjXVtPPW70aZWfIL/dSP7AFkRnniLCrK/8MDKog3TySTBmckD+RObVxH0v4Tox67+F14PdED2oQ=="
    }
  }
}
